
Microsoft Visual Studio Solution File, Format Version 12.00
# Visual Studio Version 17
VisualStudioVersion = 17.7.34202.233
MinimumVisualStudioVersion = 10.0.40219.1
Project("{FAE04EC0-301F-11D3-BF4B-00C04F79EFBC}") = "OOP_Lab2", "OOP_Lab2.csproj", "{21008246-D3BB-40F9-BD9E-6A6B19C7E438}"
EndProject
Global
	GlobalSection(SolutionConfigurationPlatforms) = preSolution
		Debug|Any CPU = Debug|Any CPU
		Release|Any CPU = Release|Any CPU
	EndGlobalSection
	GlobalSection(ProjectConfigurationPlatforms) = postSolution
		{21008246-D3BB-40F9-BD9E-6A6B19C7E438}.Debug|Any CPU.ActiveCfg = Debug|Any CPU
		{21008246-D3BB-40F9-BD9E-6A6B19C7E438}.Debug|Any CPU.Build.0 = Debug|Any CPU
		{21008246-D3BB-40F9-BD9E-6A6B19C7E438}.Release|Any CPU.ActiveCfg = Release|Any CPU
		{21008246-D3BB-40F9-BD9E-6A6B19C7E438}.Release|Any CPU.Build.0 = Release|Any CPU
	EndGlobalSection
	GlobalSection(SolutionProperties) = preSolution
		HideSolutionNode = FALSE
	EndGlobalSection
	GlobalSection(ExtensibilityGlobals) = postSolution
		SolutionGuid = {2E9C5F96-C21C-4240-9C91-32FC0A9FDBAE}
	EndGlobalSection
EndGlobal
